// !$*UTF8*$!
{
	archiveVersion = 1;
	classes = {
	};
	objectVersion = 46;
	objects = {

/* Begin PBXBuildFile section */
		13D297321AF130740025C38F /* AppDelegate.swift in Sources */ = {isa = PBXBuildFile; fileRef = 13D297311AF130740025C38F /* AppDelegate.swift */; };
		13D297341AF130740025C38F /* ViewController.swift in Sources */ = {isa = PBXBuildFile; fileRef = 13D297331AF130740025C38F /* ViewController.swift */; };
		13D297371AF130740025C38F /* Main.storyboard in Resources */ = {isa = PBXBuildFile; fileRef = 13D297351AF130740025C38F /* Main.storyboard */; };
		13D297391AF130740025C38F /* Images.xcassets in Resources */ = {isa = PBXBuildFile; fileRef = 13D297381AF130740025C38F /* Images.xcassets */; };
		13D2973C1AF130740025C38F /* LaunchScreen.xib in Resources */ = {isa = PBXBuildFile; fileRef = 13D2973A1AF130740025C38F /* LaunchScreen.xib */; };
		13D297481AF130740025C38F /* Random_CGPoint_ExtensionTests.swift in Sources */ = {isa = PBXBuildFile; fileRef = 13D297471AF130740025C38F /* Random_CGPoint_ExtensionTests.swift */; };
		13D297521AF131710025C38F /* extensions.swift in Sources */ = {isa = PBXBuildFile; fileRef = 13D297511AF131710025C38F /* extensions.swift */; };
/* End PBXBuildFile section */

/* Begin PBXContainerItemProxy section */
		13D297421AF130740025C38F /* PBXContainerItemProxy */ = {
			isa = PBXContainerItemProxy;
			containerPortal = 13D297241AF130740025C38F /* Project object */;
			proxyType = 1;
			remoteGlobalIDString = 13D2972B1AF130740025C38F;
			remoteInfo = "Random CGPoint Extension";
		};
/* End PBXContainerItemProxy section */

/* Begin PBXFileReference section */
		13D2972C1AF130740025C38F /* Random CGPoint Extension.app */ = {isa = PBXFileReference; explicitFileType = wrapper.application; includeInIndex = 0; path = "Random CGPoint Extension.app"; sourceTree = BUILT_PRODUCTS_DIR; };
		13D297301AF130740025C38F /* Info.plist */ = {isa = PBXFileReference; lastKnownFileType = text.plist.xml; path = Info.plist; sourceTree = "<group>"; };
		13D297311AF130740025C38F /* AppDelegate.swift */ = {isa = PBXFileReference; lastKnownFileType = sourcecode.swift; path = AppDelegate.swift; sourceTree = "<group>"; };
		13D297331AF130740025C38F /* ViewController.swift */ = {isa = PBXFileReference; lastKnownFileType = sourcecode.swift; path = ViewController.swift; sourceTree = "<group>"; };
		13D297361AF130740025C38F /* Base */ = {isa = PBXFileReference; lastKnownFileType = file.storyboard; name = Base; path = Base.lproj/Main.storyboard; sourceTree = "<group>"; };
		13D297381AF130740025C38F /* Images.xcassets */ = {isa = PBXFileReference; lastKnownFileType = folder.assetcatalog; path = Images.xcassets; sourceTree = "<group>"; };
		13D2973B1AF130740025C38F /* Base */ = {isa = PBXFileReference; lastKnownFileType = file.xib; name = Base; path = Base.lproj/LaunchScreen.xib; sourceTree = "<group>"; };
		13D297411AF130740025C38F /* Random CGPoint ExtensionTests.xctest */ = {isa = PBXFileReference; explicitFileType = wrapper.cfbundle; includeInIndex = 0; path = "Random CGPoint ExtensionTests.xctest"; sourceTree = BUILT_PRODUCTS_DIR; };
		13D297461AF130740025C38F /* Info.plist */ = {isa = PBXFileReference; lastKnownFileType = text.plist.xml; path = Info.plist; sourceTree = "<group>"; };
		13D297471AF130740025C38F /* Random_CGPoint_ExtensionTests.swift */ = {isa = PBXFileReference; lastKnownFileType = sourcecode.swift; path = Random_CGPoint_ExtensionTests.swift; sourceTree = "<group>"; };
		13D297511AF131710025C38F /* extensions.swift */ = {isa = PBXFileReference; fileEncoding = 4; lastKnownFileType = sourcecode.swift; path = extensions.swift; sourceTree = "<group>"; };
/* End PBXFileReference section */

/* Begin PBXFrameworksBuildPhase section */
		13D297291AF130740025C38F /* Frameworks */ = {
			isa = PBXFrameworksBuildPhase;
			buildActionMask = 2147483647;
			files = (
			);
			runOnlyForDeploymentPostprocessing = 0;
		};
		13D2973E1AF130740025C38F /* Frameworks */ = {
			isa = PBXFrameworksBuildPhase;
			buildActionMask = 2147483647;
			files = (
			);
			runOnlyForDeploymentPostprocessing = 0;
		};
/* End PBXFrameworksBuildPhase section */

/* Begin PBXGroup section */
		13D297231AF130740025C38F = {
			isa = PBXGroup;
			children = (
				13D2972E1AF130740025C38F /* Random CGPoint Extension */,
				13D297441AF130740025C38F /* Random CGPoint ExtensionTests */,
				13D2972D1AF130740025C38F /* Products */,
			);
			sourceTree = "<group>";
		};
		13D2972D1AF130740025C38F /* Products */ = {
			isa = PBXGroup;
			children = (
				13D2972C1AF130740025C38F /* Random CGPoint Extension.app */,
				13D297411AF130740025C38F /* Random CGPoint ExtensionTests.xctest */,
			);
			name = Products;
			sourceTree = "<group>";
		};
		13D2972E1AF130740025C38F /* Random CGPoint Extension */ = {
			isa = PBXGroup;
			children = (
				13D297311AF130740025C38F /* AppDelegate.swift */,
				13D297331AF130740025C38F /* ViewController.swift */,
				13D297511AF131710025C38F /* extensions.swift */,
				13D297351AF130740025C38F /* Main.storyboard */,
				13D297381AF130740025C38F /* Images.xcassets */,
				13D2973A1AF130740025C38F /* LaunchScreen.xib */,
				13D2972F1AF130740025C38F /* Supporting Files */,
			);
			path = "Random CGPoint Extension";
			sourceTree = "<group>";
		};
		13D2972F1AF130740025C38F /* Supporting Files */ = {
			isa = PBXGroup;
			children = (
				13D297301AF130740025C38F /* Info.plist */,
			);
			name = "Supporting Files";
			sourceTree = "<group>";
		};
		13D297441AF130740025C38F /* Random CGPoint ExtensionTests */ = {
			isa = PBXGroup;
			children = (
				13D297471AF130740025C38F /* Random_CGPoint_ExtensionTests.swift */,
				13D297451AF130740025C38F /* Supporting Files */,
			);
			path = "Random CGPoint ExtensionTests";
			sourceTree = "<group>";
		};
		13D297451AF130740025C38F /* Supporting Files */ = {
			isa = PBXGroup;
			children = (
				13D297461AF130740025C38F /* Info.plist */,
			);
			name = "Supporting Files";
			sourceTree = "<group>";
		};
/* End PBXGroup section */

/* Begin PBXNativeTarget section */
		13D2972B1AF130740025C38F /* Random CGPoint Extension */ = {
			isa = PBXNativeTarget;
			buildConfigurationList = 13D2974B1AF130740025C38F /* Build configuration list for PBXNativeTarget "Random CGPoint Extension" */;
			buildPhases = (
				13D297281AF130740025C38F /* Sources */,
				13D297291AF130740025C38F /* Frameworks */,
				13D2972A1AF130740025C38F /* Resources */,
			);
			buildRules = (
			);
			dependencies = (
			);
			name = "Random CGPoint Extension";
			productName = "Random CGPoint Extension";
			productReference = 13D2972C1AF130740025C38F /* Random CGPoint Extension.app */;
			productType = "com.apple.product-type.application";
		};
		13D297401AF130740025C38F /* Random CGPoint ExtensionTests */ = {
			isa = PBXNativeTarget;
			buildConfigurationList = 13D2974E1AF130740025C38F /* Build configuration list for PBXNativeTarget "Random CGPoint ExtensionTests" */;
			buildPhases = (
				13D2973D1AF130740025C38F /* Sources */,
				13D2973E1AF130740025C38F /* Frameworks */,
				13D2973F1AF130740025C38F /* Resources */,
			);
			buildRules = (
			);
			dependencies = (
				13D297431AF130740025C38F /* PBXTargetDependency */,
			);
			name = "Random CGPoint ExtensionTests";
			productName = "Random CGPoint ExtensionTests";
			productReference = 13D297411AF130740025C38F /* Random CGPoint ExtensionTests.xctest */;
			productType = "com.apple.product-type.bundle.unit-test";
		};
/* End PBXNativeTarget section */

/* Begin PBXProject section */
		13D297241AF130740025C38F /* Project object */ = {
			isa = PBXProject;
			attributes = {
				LastUpgradeCheck = 0630;
				ORGANIZATIONNAME = "Chuck's Anime Shrine";
				TargetAttributes = {
					13D2972B1AF130740025C38F = {
						CreatedOnToolsVersion = 6.4;
					};
					13D297401AF130740025C38F = {
						CreatedOnToolsVersion = 6.4;
						TestTargetID = 13D2972B1AF130740025C38F;
					};
				};
			};
			buildConfigurationList = 13D297271AF130740025C38F /* Build configuration list for PBXProject "Random CGPoint Extension" */;
			compatibilityVersion = "Xcode 3.2";
			developmentRegion = English;
			hasScannedForEncodings = 0;
			knownRegions = (
				en,
				Base,
			);
			mainGroup = 13D297231AF130740025C38F;
			productRefGroup = 13D2972D1AF130740025C38F /* Products */;
			projectDirPath = "";
			projectRoot = "";
			targets = (
				13D2972B1AF130740025C38F /* Random CGPoint Extension */,
				13D297401AF130740025C38F /* Random CGPoint ExtensionTests */,
			);
		};
/* End PBXProject section */

/* Begin PBXResourcesBuildPhase section */
		13D2972A1AF130740025C38F /* Resources */ = {
			isa = PBXResourcesBuildPhase;
			buildActionMask = 2147483647;
			files = (
				13D297371AF130740025C38F /* Main.storyboard in Resources */,
				13D2973C1AF130740025C38F /* LaunchScreen.xib in Resources */,
				13D297391AF130740025C38F /* Images.xcassets in Resources */,
			);
			runOnlyForDeploymentPostprocessing = 0;
		};
		13D2973F1AF130740025C38F /* Resources */ = {
			isa = PBXResourcesBuildPhase;
			buildActionMask = 2147483647;
			files = (
			);
			runOnlyForDeploymentPostprocessing = 0;
		};
/* End PBXResourcesBuildPhase section */

/* Begin PBXSourcesBuildPhase section */
		13D297281AF130740025C38F /* Sources */ = {
			isa = PBXSourcesBuildPhase;
			buildActionMask = 2147483647;
			files = (
				13D297341AF130740025C38F /* ViewController.swift in Sources */,
				13D297321AF130740025C38F /* AppDelegate.swift in Sources */,
				13D297521AF131710025C38F /* extensions.swift in Sources */,
			);
			runOnlyForDeploymentPostprocessing = 0;
		};
		13D2973D1AF130740025C38F /* Sources */ = {
			isa = PBXSourcesBuildPhase;
			buildActionMask = 2147483647;
			files = (
				13D297481AF130740025C38F /* Random_CGPoint_ExtensionTests.swift in Sources */,
			);
			runOnlyForDeploymentPostprocessing = 0;
		};
/* End PBXSourcesBuildPhase section */

/* Begin PBXTargetDependency section */
		13D297431AF130740025C38F /* PBXTargetDependency */ = {
			isa = PBXTargetDependency;
			target = 13D2972B1AF130740025C38F /* Random CGPoint Extension */;
			targetProxy = 13D297421AF130740025C38F /* PBXContainerItemProxy */;
		};
/* End PBXTargetDependency section */

/* Begin PBXVariantGroup section */
		13D297351AF130740025C38F /* Main.storyboard */ = {
			isa = PBXVariantGroup;
			children = (
				13D297361AF130740025C38F /* Base */,
			);
			name = Main.storyboard;
			sourceTree = "<group>";
		};
		13D2973A1AF130740025C38F /* LaunchScreen.xib */ = {
			isa = PBXVariantGroup;
			children = (
				13D2973B1AF130740025C38F /* Base */,
			);
			name = LaunchScreen.xib;
			sourceTree = "<group>";
		};
/* End PBXVariantGroup section */

/* Begin XCBuildConfiguration section */
		13D297491AF130740025C38F /* Debug */ = {
			isa = XCBuildConfiguration;
			buildSettings = {
				ALWAYS_SEARCH_USER_PATHS = NO;
				CLANG_CXX_LANGUAGE_STANDARD = "gnu++0x";
				CLANG_CXX_LIBRARY = "libc++";
				CLANG_ENABLE_MODULES = YES;
				CLANG_ENABLE_OBJC_ARC = YES;
				CLANG_WARN_BOOL_CONVERSION = YES;
				CLANG_WARN_CONSTANT_CONVERSION = YES;
				CLANG_WARN_DIRECT_OBJC_ISA_USAGE = YES_ERROR;
				CLANG_WARN_EMPTY_BODY = YES;
				CLANG_WARN_ENUM_CONVERSION = YES;
				CLANG_WARN_INT_CONVERSION = YES;
				CLANG_WARN_OBJC_ROOT_CLASS = YES_ERROR;
				CLANG_WARN_UNREACHABLE_CODE = YES;
				CLANG_WARN__DUPLICATE_METHOD_MATCH = YES;
				"CODE_SIGN_IDENTITY[sdk=iphoneos*]" = "iPhone Developer";
				COPY_PHASE_STRIP = NO;
				DEBUG_INFORMATION_FORMAT = "dwarf-with-dsym";
				ENABLE_STRICT_OBJC_MSGSEND = YES;
				GCC_C_LANGUAGE_STANDARD = gnu99;
				GCC_DYNAMIC_NO_PIC = NO;
				GCC_NO_COMMON_BLOCKS = YES;
				GCC_OPTIMIZATION_LEVEL = 0;
				GCC_PREPROCESSOR_DEFINITIONS = (
					"DEBUG=1",
					"$(inherited)",
				);
				GCC_SYMBOLS_PRIVATE_EXTERN = NO;
				GCC_WARN_64_TO_32_BIT_CONVERSION = YES;
				GCC_WARN_ABOUT_RETURN_TYPE = YES_ERROR;
				GCC_WARN_UNDECLARED_SELECTOR = YES;
				GCC_WARN_UNINITIALIZED_AUTOS = YES_AGGRESSIVE;
				GCC_WARN_UNUSED_FUNCTION = YES;
				GCC_WARN_UNUSED_VARIABLE = YES;
				IPHONEOS_DEPLOYMENT_TARGET = 8.4;
				MTL_ENABLE_DEBUG_INFO = YES;
				ONLY_ACTIVE_ARCH = YES;
				SDKROOT = iphoneos;
				SWIFT_OPTIMIZATION_LEVEL = "-Onone";
				TARGETED_DEVICE_FAMILY = "1,2";
			};
			name = Debug;
		};
		13D2974A1AF130740025C38F /* Release */ = {
			isa = XCBuildConfiguration;
			buildSettings = {
				ALWAYS_SEARCH_USER_PATHS = NO;
				CLANG_CXX_LANGUAGE_STANDARD = "gnu++0x";
				CLANG_CXX_LIBRARY = "libc++";
				CLANG_ENABLE_MODULES = YES;
				CLANG_ENABLE_OBJC_ARC = YES;
				CLANG_WARN_BOOL_CONVERSION = YES;
				CLANG_WARN_CONSTANT_CONVERSION = YES;
				CLANG_WARN_DIRECT_OBJC_ISA_USAGE = YES_ERROR;
				CLANG_WARN_EMPTY_BODY = YES;
				CLANG_WARN_ENUM_CONVERSION = YES;
				CLANG_WARN_INT_CONVERSION = YES;
				CLANG_WARN_OBJC_ROOT_CLASS = YES_ERROR;
				CLANG_WARN_UNREACHABLE_CODE = YES;
				CLANG_WARN__DUPLICATE_METHOD_MATCH = YES;
				"CODE_SIGN_IDENTITY[sdk=iphoneos*]" = "iPhone Developer";
				COPY_PHASE_STRIP = NO;
				DEBUG_INFORMATION_FORMAT = "dwarf-with-dsym";
				ENABLE_NS_ASSERTIONS = NO;
				ENABLE_STRICT_OBJC_MSGSEND = YES;
				GCC_C_LANGUAGE_STANDARD = gnu99;
				GCC_NO_COMMON_BLOCKS = YES;
				GCC_WARN_64_TO_32_BIT_CONVERSION = YES;
				GCC_WARN_ABOUT_RETURN_TYPE = YES_ERROR;
				GCC_WARN_UNDECLARED_SELECTOR = YES;
				GCC_WARN_UNINITIALIZED_AUTOS = YES_AGGRESSIVE;
				GCC_WARN_UNUSED_FUNCTION = YES;
				GCC_WARN_UNUSED_VARIABLE = YES;
				IPHONEOS_DEPLOYMENT_TARGET = 8.4;
				MTL_ENABLE_DEBUG_INFO = NO;
				SDKROOT = iphoneos;
				TARGETED_DEVICE_FAMILY = "1,2";
				VALIDATE_PRODUCT = YES;
			};
			name = Release;
		};
		13D2974C1AF130740025C38F /* Debug */ = {
			isa = XCBuildConfiguration;
			buildSettings = {
				ASSETCATALOG_COMPILER_APPICON_NAME = AppIcon;
				INFOPLIST_FILE = "Random CGPoint Extension/Info.plist";
				LD_RUNPATH_SEARCH_PATHS = "$(inherited) @executable_path/Frameworks";
				PRODUCT_NAME = "$(TARGET_NAME)";
			};
			name = Debug;
		};
		13D2974D1AF130740025C38F /* Release */ = {
			isa = XCBuildConfiguration;
			buildSettings = {
				ASSETCATALOG_COMPILER_APPICON_NAME = AppIcon;
				INFOPLIST_FILE = "Random CGPoint Extension/Info.plist";
				LD_RUNPATH_SEARCH_PATHS = "$(inherited) @executable_path/Frameworks";
				PRODUCT_NAME = "$(TARGET_NAME)";
			};
			name = Release;
		};
		13D2974F1AF130740025C38F /* Debug */ = {
			isa = XCBuildConfiguration;
			buildSettings = {
				BUNDLE_LOADER = "$(TEST_HOST)";
				FRAMEWORK_SEARCH_PATHS = (
					"$(SDKROOT)/Developer/Library/Frameworks",
					"$(inherited)",
				);
				GCC_PREPROCESSOR_DEFINITIONS = (
					"DEBUG=1",
					"$(inherited)",
				);
				INFOPLIST_FILE = "Random CGPoint ExtensionTests/Info.plist";
				LD_RUNPATH_SEARCH_PATHS = "$(inherited) @executable_path/Frameworks @loader_path/Frameworks";
				PRODUCT_NAME = "$(TARGET_NAME)";
				TEST_HOST = "$(BUILT_PRODUCTS_DIR)/Random CGPoint Extension.app/Random CGPoint Extension";
			};
			name = Debug;
		};
		13D297501AF130740025C38F /* Release */ = {
			isa = XCBuildConfiguration;
			buildSettings = {
				BUNDLE_LOADER = "$(TEST_HOST)";
				FRAMEWORK_SEARCH_PATHS = (
					"$(SDKROOT)/Developer/Library/Frameworks",
					"$(inherited)",
				);
				INFOPLIST_FILE = "Random CGPoint ExtensionTests/Info.plist";
				LD_RUNPATH_SEARCH_PATHS = "$(inherited) @executable_path/Frameworks @loader_path/Frameworks";
				PRODUCT_NAME = "$(TARGET_NAME)";
				TEST_HOST = "$(BUILT_PRODUCTS_DIR)/Random CGPoint Extension.app/Random CGPoint Extension";
			};
			name = Release;
		};
/* End XCBuildConfiguration section */

/* Begin XCConfigurationList section */
		13D297271AF130740025C38F /* Build configuration list for PBXProject "Random CGPoint Extension" */ = {
			isa = XCConfigurationList;
			buildConfigurations = (
				13D297491AF130740025C38F /* Debug */,
				13D2974A1AF130740025C38F /* Release */,
			);
			defaultConfigurationIsVisible = 0;
			defaultConfigurationName = Release;
		};
		13D2974B1AF130740025C38F /* Build configuration list for PBXNativeTarget "Random CGPoint Extension" */ = {
			isa = XCConfigurationList;
			buildConfigurations = (
				13D2974C1AF130740025C38F /* Debug */,
				13D2974D1AF130740025C38F /* Release */,
			);
			defaultConfigurationIsVisible = 0;
		};
		13D2974E1AF130740025C38F /* Build configuration list for PBXNativeTarget "Random CGPoint ExtensionTests" */ = {
			isa = XCConfigurationList;
			buildConfigurations = (
				13D2974F1AF130740025C38F /* Debug */,
				13D297501AF130740025C38F /* Release */,
			);
			defaultConfigurationIsVisible = 0;
		};
/* End XCConfigurationList section */
	};
	rootObject = 13D297241AF130740025C38F /* Project object */;
}
